
Microsoft Visual Studio Solution File, Format Version 12.00
# Visual Studio Version 17
VisualStudioVersion = 17.5.33502.453
MinimumVisualStudioVersion = 10.0.40219.1
Project("{FAE04EC0-301F-11D3-BF4B-00C04F79EFBC}") = "pracadomowaz18_04_23", "pracadomowaz18_04_23\pracadomowaz18_04_23.csproj", "{13CFBD4E-E213-4BF0-973E-8226E8404111}"
EndProject
Global
	GlobalSection(SolutionConfigurationPlatforms) = preSolution
		Debug|Any CPU = Debug|Any CPU
		Release|Any CPU = Release|Any CPU
	EndGlobalSection
	GlobalSection(ProjectConfigurationPlatforms) = postSolution
		{13CFBD4E-E213-4BF0-973E-8226E8404111}.Debug|Any CPU.ActiveCfg = Debug|Any CPU
		{13CFBD4E-E213-4BF0-973E-8226E8404111}.Debug|Any CPU.Build.0 = Debug|Any CPU
		{13CFBD4E-E213-4BF0-973E-8226E8404111}.Release|Any CPU.ActiveCfg = Release|Any CPU
		{13CFBD4E-E213-4BF0-973E-8226E8404111}.Release|Any CPU.Build.0 = Release|Any CPU
	EndGlobalSection
	GlobalSection(SolutionProperties) = preSolution
		HideSolutionNode = FALSE
	EndGlobalSection
	GlobalSection(ExtensibilityGlobals) = postSolution
		SolutionGuid = {FE9949FD-A369-45F3-B0ED-48D967097225}
	EndGlobalSection
EndGlobal
